{
  "name": "Readable-Research",
  "lockfileVersion": 3,
  "requires": true,
  "packages": {
    "": {
      "dependencies": {
        "@tabler/icons-react": "^3.33.0"
      }
    },
    "node_modules/@tabler/icons": {
      "version": "3.33.0",
      "resolved": "https://registry.npmjs.org/@tabler/icons/-/icons-3.33.0.tgz",
      "integrity": "sha512-NZeFfzcYe7xcBHR3zKoCSrw/cFWvfj6LjenPQ48yVMTGdX854HH9nH44ZfMH8rrDzHBllfjwl4CIX6Vh2tyN0Q==",
      "funding": {
        "type": "github",
        "url": "https://github.com/sponsors/codecalm"
      }
    },
    "node_modules/@tabler/icons-react": {
      "version": "3.33.0",
      "resolved": "https://registry.npmjs.org/@tabler/icons-react/-/icons-react-3.33.0.tgz",
      "integrity": "sha512-ay+HDecCjmFl25Lg14hcl59ffSjnOcgfrlV14shu8Qjbz+Xh4LRus93DuoyLQte8YSxE7Pe5gnEz6OF0GtwNtw==",
      "dependencies": {
        "@tabler/icons": "3.33.0"
      },
      "funding": {
        "type": "github",
        "url": "https://github.com/sponsors/codecalm"
      },
      "peerDependencies": {
        "react": ">= 16"
      }
    },
    "node_modules/react": {
      "version": "19.1.0",
      "resolved": "https://registry.npmjs.org/react/-/react-19.1.0.tgz",
      "integrity": "sha512-FS+XFBNvn3GTAWq26joslQgWNoFu08F4kl0J4CgdNKADkdSGXQyTCnKteIAJy96Br6YbpEU1LSzV5dYtjMkMDg==",
      "peer": true,
      "engines": {
        "node": ">=0.10.0"
      }
    }
  }
}
